// !$*UTF8*$!
{
	archiveVersion = 1;
	classes = {
	};
	objectVersion = 55;
	objects = {

/* Begin PBXBuildFile section */
		4249666B286C693E00B92DA9 /* AppDelegate.swift in Sources */ = {isa = PBXBuildFile; fileRef = 4249666A286C693E00B92DA9 /* AppDelegate.swift */; };
		4249666D286C693E00B92DA9 /* SceneDelegate.swift in Sources */ = {isa = PBXBuildFile; fileRef = 4249666C286C693E00B92DA9 /* SceneDelegate.swift */; };
		4249666F286C693E00B92DA9 /* ViewController.swift in Sources */ = {isa = PBXBuildFile; fileRef = 4249666E286C693E00B92DA9 /* ViewController.swift */; };
		42496672286C693E00B92DA9 /* Main.storyboard in Resources */ = {isa = PBXBuildFile; fileRef = 42496670286C693E00B92DA9 /* Main.storyboard */; };
		42496675286C693E00B92DA9 /* ChargerApp.xcdatamodeld in Sources */ = {isa = PBXBuildFile; fileRef = 42496673286C693E00B92DA9 /* ChargerApp.xcdatamodeld */; };
		42496677286C694100B92DA9 /* Assets.xcassets in Resources */ = {isa = PBXBuildFile; fileRef = 42496676286C694100B92DA9 /* Assets.xcassets */; };
		4249667A286C694100B92DA9 /* LaunchScreen.storyboard in Resources */ = {isa = PBXBuildFile; fileRef = 42496678286C694100B92DA9 /* LaunchScreen.storyboard */; };
		42496685286C694100B92DA9 /* ChargerAppTests.swift in Sources */ = {isa = PBXBuildFile; fileRef = 42496684286C694100B92DA9 /* ChargerAppTests.swift */; };
		4249668F286C694100B92DA9 /* ChargerAppUITests.swift in Sources */ = {isa = PBXBuildFile; fileRef = 4249668E286C694100B92DA9 /* ChargerAppUITests.swift */; };
		42496691286C694100B92DA9 /* ChargerAppUITestsLaunchTests.swift in Sources */ = {isa = PBXBuildFile; fileRef = 42496690286C694100B92DA9 /* ChargerAppUITestsLaunchTests.swift */; };
		42D5C10A287E00BE00B7DBFE /* ApiHelper.swift in Sources */ = {isa = PBXBuildFile; fileRef = 42D5C109287E00BE00B7DBFE /* ApiHelper.swift */; };
		42ED8A9E287C38F300D9F8FB /* Model.swift in Sources */ = {isa = PBXBuildFile; fileRef = 42ED8A9D287C38F300D9F8FB /* Model.swift */; };
/* End PBXBuildFile section */

/* Begin PBXContainerItemProxy section */
		42496681286C694100B92DA9 /* PBXContainerItemProxy */ = {
			isa = PBXContainerItemProxy;
			containerPortal = 4249665F286C693E00B92DA9 /* Project object */;
			proxyType = 1;
			remoteGlobalIDString = 42496666286C693E00B92DA9;
			remoteInfo = ChargerApp;
		};
		4249668B286C694100B92DA9 /* PBXContainerItemProxy */ = {
			isa = PBXContainerItemProxy;
			containerPortal = 4249665F286C693E00B92DA9 /* Project object */;
			proxyType = 1;
			remoteGlobalIDString = 42496666286C693E00B92DA9;
			remoteInfo = ChargerApp;
		};
/* End PBXContainerItemProxy section */

/* Begin PBXFileReference section */
		42496667286C693E00B92DA9 /* ChargerApp.app */ = {isa = PBXFileReference; explicitFileType = wrapper.application; includeInIndex = 0; path = ChargerApp.app; sourceTree = BUILT_PRODUCTS_DIR; };
		4249666A286C693E00B92DA9 /* AppDelegate.swift */ = {isa = PBXFileReference; lastKnownFileType = sourcecode.swift; path = AppDelegate.swift; sourceTree = "<group>"; };
		4249666C286C693E00B92DA9 /* SceneDelegate.swift */ = {isa = PBXFileReference; lastKnownFileType = sourcecode.swift; path = SceneDelegate.swift; sourceTree = "<group>"; };
		4249666E286C693E00B92DA9 /* ViewController.swift */ = {isa = PBXFileReference; lastKnownFileType = sourcecode.swift; path = ViewController.swift; sourceTree = "<group>"; };
		42496671286C693E00B92DA9 /* Base */ = {isa = PBXFileReference; lastKnownFileType = file.storyboard; name = Base; path = Base.lproj/Main.storyboard; sourceTree = "<group>"; };
		42496674286C693E00B92DA9 /* ChargerApp.xcdatamodel */ = {isa = PBXFileReference; lastKnownFileType = wrapper.xcdatamodel; path = ChargerApp.xcdatamodel; sourceTree = "<group>"; };
		42496676286C694100B92DA9 /* Assets.xcassets */ = {isa = PBXFileReference; lastKnownFileType = folder.assetcatalog; path = Assets.xcassets; sourceTree = "<group>"; };
		42496679286C694100B92DA9 /* Base */ = {isa = PBXFileReference; lastKnownFileType = file.storyboard; name = Base; path = Base.lproj/LaunchScreen.storyboard; sourceTree = "<group>"; };
		4249667B286C694100B92DA9 /* Info.plist */ = {isa = PBXFileReference; lastKnownFileType = text.plist.xml; path = Info.plist; sourceTree = "<group>"; };
		42496680286C694100B92DA9 /* ChargerAppTests.xctest */ = {isa = PBXFileReference; explicitFileType = wrapper.cfbundle; includeInIndex = 0; path = ChargerAppTests.xctest; sourceTree = BUILT_PRODUCTS_DIR; };
		42496684286C694100B92DA9 /* ChargerAppTests.swift */ = {isa = PBXFileReference; lastKnownFileType = sourcecode.swift; path = ChargerAppTests.swift; sourceTree = "<group>"; };
		4249668A286C694100B92DA9 /* ChargerAppUITests.xctest */ = {isa = PBXFileReference; explicitFileType = wrapper.cfbundle; includeInIndex = 0; path = ChargerAppUITests.xctest; sourceTree = BUILT_PRODUCTS_DIR; };
		4249668E286C694100B92DA9 /* ChargerAppUITests.swift */ = {isa = PBXFileReference; lastKnownFileType = sourcecode.swift; path = ChargerAppUITests.swift; sourceTree = "<group>"; };
		42496690286C694100B92DA9 /* ChargerAppUITestsLaunchTests.swift */ = {isa = PBXFileReference; lastKnownFileType = sourcecode.swift; path = ChargerAppUITestsLaunchTests.swift; sourceTree = "<group>"; };
		42D5C109287E00BE00B7DBFE /* ApiHelper.swift */ = {isa = PBXFileReference; lastKnownFileType = sourcecode.swift; path = ApiHelper.swift; sourceTree = "<group>"; };
		42ED8A9D287C38F300D9F8FB /* Model.swift */ = {isa = PBXFileReference; lastKnownFileType = sourcecode.swift; path = Model.swift; sourceTree = "<group>"; };
/* End PBXFileReference section */

/* Begin PBXFrameworksBuildPhase section */
		42496664286C693E00B92DA9 /* Frameworks */ = {
			isa = PBXFrameworksBuildPhase;
			buildActionMask = 2147483647;
			files = (
			);
			runOnlyForDeploymentPostprocessing = 0;
		};
		4249667D286C694100B92DA9 /* Frameworks */ = {
			isa = PBXFrameworksBuildPhase;
			buildActionMask = 2147483647;
			files = (
			);
			runOnlyForDeploymentPostprocessing = 0;
		};
		42496687286C694100B92DA9 /* Frameworks */ = {
			isa = PBXFrameworksBuildPhase;
			buildActionMask = 2147483647;
			files = (
			);
			runOnlyForDeploymentPostprocessing = 0;
		};
/* End PBXFrameworksBuildPhase section */

/* Begin PBXGroup section */
		4249665E286C693E00B92DA9 = {
			isa = PBXGroup;
			children = (
				42496669286C693E00B92DA9 /* ChargerApp */,
				42496683286C694100B92DA9 /* ChargerAppTests */,
				4249668D286C694100B92DA9 /* ChargerAppUITests */,
				42496668286C693E00B92DA9 /* Products */,
			);
			sourceTree = "<group>";
		};
		42496668286C693E00B92DA9 /* Products */ = {
			isa = PBXGroup;
			children = (
				42496667286C693E00B92DA9 /* ChargerApp.app */,
				42496680286C694100B92DA9 /* ChargerAppTests.xctest */,
				4249668A286C694100B92DA9 /* ChargerAppUITests.xctest */,
			);
			name = Products;
			sourceTree = "<group>";
		};
		42496669286C693E00B92DA9 /* ChargerApp */ = {
			isa = PBXGroup;
			children = (
				42ED8A9D287C38F300D9F8FB /* Model.swift */,
				42D5C109287E00BE00B7DBFE /* ApiHelper.swift */,
				4249666A286C693E00B92DA9 /* AppDelegate.swift */,
				4249666C286C693E00B92DA9 /* SceneDelegate.swift */,
				4249666E286C693E00B92DA9 /* ViewController.swift */,
				42496670286C693E00B92DA9 /* Main.storyboard */,
				42496676286C694100B92DA9 /* Assets.xcassets */,
				42496678286C694100B92DA9 /* LaunchScreen.storyboard */,
				4249667B286C694100B92DA9 /* Info.plist */,
				42496673286C693E00B92DA9 /* ChargerApp.xcdatamodeld */,
			);
			path = ChargerApp;
			sourceTree = "<group>";
		};
		42496683286C694100B92DA9 /* ChargerAppTests */ = {
			isa = PBXGroup;
			children = (
				42496684286C694100B92DA9 /* ChargerAppTests.swift */,
			);
			path = ChargerAppTests;
			sourceTree = "<group>";
		};
		4249668D286C694100B92DA9 /* ChargerAppUITests */ = {
			isa = PBXGroup;
			children = (
				4249668E286C694100B92DA9 /* ChargerAppUITests.swift */,
				42496690286C694100B92DA9 /* ChargerAppUITestsLaunchTests.swift */,
			);
			path = ChargerAppUITests;
			sourceTree = "<group>";
		};
/* End PBXGroup section */

/* Begin PBXNativeTarget section */
		42496666286C693E00B92DA9 /* ChargerApp */ = {
			isa = PBXNativeTarget;
			buildConfigurationList = 42496694286C694100B92DA9 /* Build configuration list for PBXNativeTarget "ChargerApp" */;
			buildPhases = (
				42496663286C693E00B92DA9 /* Sources */,
				42496664286C693E00B92DA9 /* Frameworks */,
				42496665286C693E00B92DA9 /* Resources */,
			);
			buildRules = (
			);
			dependencies = (
			);
			name = ChargerApp;
			productName = ChargerApp;
			productReference = 42496667286C693E00B92DA9 /* ChargerApp.app */;
			productType = "com.apple.product-type.application";
		};
		4249667F286C694100B92DA9 /* ChargerAppTests */ = {
			isa = PBXNativeTarget;
			buildConfigurationList = 42496697286C694100B92DA9 /* Build configuration list for PBXNativeTarget "ChargerAppTests" */;
			buildPhases = (
				4249667C286C694100B92DA9 /* Sources */,
				4249667D286C694100B92DA9 /* Frameworks */,
				4249667E286C694100B92DA9 /* Resources */,
			);
			buildRules = (
			);
			dependencies = (
				42496682286C694100B92DA9 /* PBXTargetDependency */,
			);
			name = ChargerAppTests;
			productName = ChargerAppTests;
			productReference = 42496680286C694100B92DA9 /* ChargerAppTests.xctest */;
			productType = "com.apple.product-type.bundle.unit-test";
		};
		42496689286C694100B92DA9 /* ChargerAppUITests */ = {
			isa = PBXNativeTarget;
			buildConfigurationList = 4249669A286C694100B92DA9 /* Build configuration list for PBXNativeTarget "ChargerAppUITests" */;
			buildPhases = (
				42496686286C694100B92DA9 /* Sources */,
				42496687286C694100B92DA9 /* Frameworks */,
				42496688286C694100B92DA9 /* Resources */,
			);
			buildRules = (
			);
			dependencies = (
				4249668C286C694100B92DA9 /* PBXTargetDependency */,
			);
			name = ChargerAppUITests;
			productName = ChargerAppUITests;
			productReference = 4249668A286C694100B92DA9 /* ChargerAppUITests.xctest */;
			productType = "com.apple.product-type.bundle.ui-testing";
		};
/* End PBXNativeTarget section */

/* Begin PBXProject section */
		4249665F286C693E00B92DA9 /* Project object */ = {
			isa = PBXProject;
			attributes = {
				BuildIndependentTargetsInParallel = 1;
				LastSwiftUpdateCheck = 1340;
				LastUpgradeCheck = 1340;
				TargetAttributes = {
					42496666286C693E00B92DA9 = {
						CreatedOnToolsVersion = 13.4.1;
					};
					4249667F286C694100B92DA9 = {
						CreatedOnToolsVersion = 13.4.1;
						TestTargetID = 42496666286C693E00B92DA9;
					};
					42496689286C694100B92DA9 = {
						CreatedOnToolsVersion = 13.4.1;
						TestTargetID = 42496666286C693E00B92DA9;
					};
				};
			};
			buildConfigurationList = 42496662286C693E00B92DA9 /* Build configuration list for PBXProject "ChargerApp" */;
			compatibilityVersion = "Xcode 13.0";
			developmentRegion = en;
			hasScannedForEncodings = 0;
			knownRegions = (
				en,
				Base,
			);
			mainGroup = 4249665E286C693E00B92DA9;
			productRefGroup = 42496668286C693E00B92DA9 /* Products */;
			projectDirPath = "";
			projectRoot = "";
			targets = (
				42496666286C693E00B92DA9 /* ChargerApp */,
				4249667F286C694100B92DA9 /* ChargerAppTests */,
				42496689286C694100B92DA9 /* ChargerAppUITests */,
			);
		};
/* End PBXProject section */

/* Begin PBXResourcesBuildPhase section */
		42496665286C693E00B92DA9 /* Resources */ = {
			isa = PBXResourcesBuildPhase;
			buildActionMask = 2147483647;
			files = (
				4249667A286C694100B92DA9 /* LaunchScreen.storyboard in Resources */,
				42496677286C694100B92DA9 /* Assets.xcassets in Resources */,
				42496672286C693E00B92DA9 /* Main.storyboard in Resources */,
			);
			runOnlyForDeploymentPostprocessing = 0;
		};
		4249667E286C694100B92DA9 /* Resources */ = {
			isa = PBXResourcesBuildPhase;
			buildActionMask = 2147483647;
			files = (
			);
			runOnlyForDeploymentPostprocessing = 0;
		};
		42496688286C694100B92DA9 /* Resources */ = {
			isa = PBXResourcesBuildPhase;
			buildActionMask = 2147483647;
			files = (
			);
			runOnlyForDeploymentPostprocessing = 0;
		};
/* End PBXResourcesBuildPhase section */

/* Begin PBXSourcesBuildPhase section */
		42496663286C693E00B92DA9 /* Sources */ = {
			isa = PBXSourcesBuildPhase;
			buildActionMask = 2147483647;
			files = (
				42D5C10A287E00BE00B7DBFE /* ApiHelper.swift in Sources */,
				42ED8A9E287C38F300D9F8FB /* Model.swift in Sources */,
				42496675286C693E00B92DA9 /* ChargerApp.xcdatamodeld in Sources */,
				4249666F286C693E00B92DA9 /* ViewController.swift in Sources */,
				4249666B286C693E00B92DA9 /* AppDelegate.swift in Sources */,
				4249666D286C693E00B92DA9 /* SceneDelegate.swift in Sources */,
			);
			runOnlyForDeploymentPostprocessing = 0;
		};
		4249667C286C694100B92DA9 /* Sources */ = {
			isa = PBXSourcesBuildPhase;
			buildActionMask = 2147483647;
			files = (
				42496685286C694100B92DA9 /* ChargerAppTests.swift in Sources */,
			);
			runOnlyForDeploymentPostprocessing = 0;
		};
		42496686286C694100B92DA9 /* Sources */ = {
			isa = PBXSourcesBuildPhase;
			buildActionMask = 2147483647;
			files = (
				4249668F286C694100B92DA9 /* ChargerAppUITests.swift in Sources */,
				42496691286C694100B92DA9 /* ChargerAppUITestsLaunchTests.swift in Sources */,
			);
			runOnlyForDeploymentPostprocessing = 0;
		};
/* End PBXSourcesBuildPhase section */

/* Begin PBXTargetDependency section */
		42496682286C694100B92DA9 /* PBXTargetDependency */ = {
			isa = PBXTargetDependency;
			target = 42496666286C693E00B92DA9 /* ChargerApp */;
			targetProxy = 42496681286C694100B92DA9 /* PBXContainerItemProxy */;
		};
		4249668C286C694100B92DA9 /* PBXTargetDependency */ = {
			isa = PBXTargetDependency;
			target = 42496666286C693E00B92DA9 /* ChargerApp */;
			targetProxy = 4249668B286C694100B92DA9 /* PBXContainerItemProxy */;
		};
/* End PBXTargetDependency section */

/* Begin PBXVariantGroup section */
		42496670286C693E00B92DA9 /* Main.storyboard */ = {
			isa = PBXVariantGroup;
			children = (
				42496671286C693E00B92DA9 /* Base */,
			);
			name = Main.storyboard;
			sourceTree = "<group>";
		};
		42496678286C694100B92DA9 /* LaunchScreen.storyboard */ = {
			isa = PBXVariantGroup;
			children = (
				42496679286C694100B92DA9 /* Base */,
			);
			name = LaunchScreen.storyboard;
			sourceTree = "<group>";
		};
/* End PBXVariantGroup section */

/* Begin XCBuildConfiguration section */
		42496692286C694100B92DA9 /* Debug */ = {
			isa = XCBuildConfiguration;
			buildSettings = {
				ALWAYS_SEARCH_USER_PATHS = NO;
				CLANG_ANALYZER_NONNULL = YES;
				CLANG_ANALYZER_NUMBER_OBJECT_CONVERSION = YES_AGGRESSIVE;
				CLANG_CXX_LANGUAGE_STANDARD = "gnu++17";
				CLANG_ENABLE_MODULES = YES;
				CLANG_ENABLE_OBJC_ARC = YES;
				CLANG_ENABLE_OBJC_WEAK = YES;
				CLANG_WARN_BLOCK_CAPTURE_AUTORELEASING = YES;
				CLANG_WARN_BOOL_CONVERSION = YES;
				CLANG_WARN_COMMA = YES;
				CLANG_WARN_CONSTANT_CONVERSION = YES;
				CLANG_WARN_DEPRECATED_OBJC_IMPLEMENTATIONS = YES;
				CLANG_WARN_DIRECT_OBJC_ISA_USAGE = YES_ERROR;
				CLANG_WARN_DOCUMENTATION_COMMENTS = YES;
				CLANG_WARN_EMPTY_BODY = YES;
				CLANG_WARN_ENUM_CONVERSION = YES;
				CLANG_WARN_INFINITE_RECURSION = YES;
				CLANG_WARN_INT_CONVERSION = YES;
				CLANG_WARN_NON_LITERAL_NULL_CONVERSION = YES;
				CLANG_WARN_OBJC_IMPLICIT_RETAIN_SELF = YES;
				CLANG_WARN_OBJC_LITERAL_CONVERSION = YES;
				CLANG_WARN_OBJC_ROOT_CLASS = YES_ERROR;
				CLANG_WARN_QUOTED_INCLUDE_IN_FRAMEWORK_HEADER = YES;
				CLANG_WARN_RANGE_LOOP_ANALYSIS = YES;
				CLANG_WARN_STRICT_PROTOTYPES = YES;
				CLANG_WARN_SUSPICIOUS_MOVE = YES;
				CLANG_WARN_UNGUARDED_AVAILABILITY = YES_AGGRESSIVE;
				CLANG_WARN_UNREACHABLE_CODE = YES;
				CLANG_WARN__DUPLICATE_METHOD_MATCH = YES;
				COPY_PHASE_STRIP = NO;
				DEBUG_INFORMATION_FORMAT = dwarf;
				ENABLE_STRICT_OBJC_MSGSEND = YES;
				ENABLE_TESTABILITY = YES;
				GCC_C_LANGUAGE_STANDARD = gnu11;
				GCC_DYNAMIC_NO_PIC = NO;
				GCC_NO_COMMON_BLOCKS = YES;
				GCC_OPTIMIZATION_LEVEL = 0;
				GCC_PREPROCESSOR_DEFINITIONS = (
					"DEBUG=1",
					"$(inherited)",
				);
				GCC_WARN_64_TO_32_BIT_CONVERSION = YES;
				GCC_WARN_ABOUT_RETURN_TYPE = YES_ERROR;
				GCC_WARN_UNDECLARED_SELECTOR = YES;
				GCC_WARN_UNINITIALIZED_AUTOS = YES_AGGRESSIVE;
				GCC_WARN_UNUSED_FUNCTION = YES;
				GCC_WARN_UNUSED_VARIABLE = YES;
				IPHONEOS_DEPLOYMENT_TARGET = 15.5;
				MTL_ENABLE_DEBUG_INFO = INCLUDE_SOURCE;
				MTL_FAST_MATH = YES;
				ONLY_ACTIVE_ARCH = YES;
				SDKROOT = iphoneos;
				SWIFT_ACTIVE_COMPILATION_CONDITIONS = DEBUG;
				SWIFT_OPTIMIZATION_LEVEL = "-Onone";
			};
			name = Debug;
		};
		42496693286C694100B92DA9 /* Release */ = {
			isa = XCBuildConfiguration;
			buildSettings = {
				ALWAYS_SEARCH_USER_PATHS = NO;
				CLANG_ANALYZER_NONNULL = YES;
				CLANG_ANALYZER_NUMBER_OBJECT_CONVERSION = YES_AGGRESSIVE;
				CLANG_CXX_LANGUAGE_STANDARD = "gnu++17";
				CLANG_ENABLE_MODULES = YES;
				CLANG_ENABLE_OBJC_ARC = YES;
				CLANG_ENABLE_OBJC_WEAK = YES;
				CLANG_WARN_BLOCK_CAPTURE_AUTORELEASING = YES;
				CLANG_WARN_BOOL_CONVERSION = YES;
				CLANG_WARN_COMMA = YES;
				CLANG_WARN_CONSTANT_CONVERSION = YES;
				CLANG_WARN_DEPRECATED_OBJC_IMPLEMENTATIONS = YES;
				CLANG_WARN_DIRECT_OBJC_ISA_USAGE = YES_ERROR;
				CLANG_WARN_DOCUMENTATION_COMMENTS = YES;
				CLANG_WARN_EMPTY_BODY = YES;
				CLANG_WARN_ENUM_CONVERSION = YES;
				CLANG_WARN_INFINITE_RECURSION = YES;
				CLANG_WARN_INT_CONVERSION = YES;
				CLANG_WARN_NON_LITERAL_NULL_CONVERSION = YES;
				CLANG_WARN_OBJC_IMPLICIT_RETAIN_SELF = YES;
				CLANG_WARN_OBJC_LITERAL_CONVERSION = YES;
				CLANG_WARN_OBJC_ROOT_CLASS = YES_ERROR;
				CLANG_WARN_QUOTED_INCLUDE_IN_FRAMEWORK_HEADER = YES;
				CLANG_WARN_RANGE_LOOP_ANALYSIS = YES;
				CLANG_WARN_STRICT_PROTOTYPES = YES;
				CLANG_WARN_SUSPICIOUS_MOVE = YES;
				CLANG_WARN_UNGUARDED_AVAILABILITY = YES_AGGRESSIVE;
				CLANG_WARN_UNREACHABLE_CODE = YES;
				CLANG_WARN__DUPLICATE_METHOD_MATCH = YES;
				COPY_PHASE_STRIP = NO;
				DEBUG_INFORMATION_FORMAT = "dwarf-with-dsym";
				ENABLE_NS_ASSERTIONS = NO;
				ENABLE_STRICT_OBJC_MSGSEND = YES;
				GCC_C_LANGUAGE_STANDARD = gnu11;
				GCC_NO_COMMON_BLOCKS = YES;
				GCC_WARN_64_TO_32_BIT_CONVERSION = YES;
				GCC_WARN_ABOUT_RETURN_TYPE = YES_ERROR;
				GCC_WARN_UNDECLARED_SELECTOR = YES;
				GCC_WARN_UNINITIALIZED_AUTOS = YES_AGGRESSIVE;
				GCC_WARN_UNUSED_FUNCTION = YES;
				GCC_WARN_UNUSED_VARIABLE = YES;
				IPHONEOS_DEPLOYMENT_TARGET = 15.5;
				MTL_ENABLE_DEBUG_INFO = NO;
				MTL_FAST_MATH = YES;
				SDKROOT = iphoneos;
				SWIFT_COMPILATION_MODE = wholemodule;
				SWIFT_OPTIMIZATION_LEVEL = "-O";
				VALIDATE_PRODUCT = YES;
			};
			name = Release;
		};
		42496695286C694100B92DA9 /* Debug */ = {
			isa = XCBuildConfiguration;
			buildSettings = {
				ASSETCATALOG_COMPILER_APPICON_NAME = AppIcon;
				ASSETCATALOG_COMPILER_GLOBAL_ACCENT_COLOR_NAME = AccentColor;
				CODE_SIGN_STYLE = Automatic;
				CURRENT_PROJECT_VERSION = 1;
				DEVELOPMENT_TEAM = 3K72UMSAB9;
				GENERATE_INFOPLIST_FILE = YES;
				INFOPLIST_FILE = ChargerApp/Info.plist;
				INFOPLIST_KEY_NSLocationAlwaysAndWhenInUseUsageDescription = "we will access your location all time";
				INFOPLIST_KEY_NSLocationAlwaysUsageDescription = "we need your location";
				INFOPLIST_KEY_NSLocationWhenInUseUsageDescription = "we will access your location when in use";
				INFOPLIST_KEY_UIApplicationSupportsIndirectInputEvents = YES;
				INFOPLIST_KEY_UILaunchStoryboardName = LaunchScreen;
				INFOPLIST_KEY_UIMainStoryboardFile = Main;
				INFOPLIST_KEY_UIStatusBarHidden = NO;
				INFOPLIST_KEY_UISupportedInterfaceOrientations_iPad = "UIInterfaceOrientationPortrait UIInterfaceOrientationPortraitUpsideDown UIInterfaceOrientationLandscapeLeft UIInterfaceOrientationLandscapeRight";
				INFOPLIST_KEY_UISupportedInterfaceOrientations_iPhone = "UIInterfaceOrientationPortrait UIInterfaceOrientationLandscapeLeft UIInterfaceOrientationLandscapeRight";
				LD_RUNPATH_SEARCH_PATHS = (
					"$(inherited)",
					"@executable_path/Frameworks",
				);
				MARKETING_VERSION = 1.0;
				PRODUCT_BUNDLE_IDENTIFIER = aleynamandaci.com.ChargerApp;
				PRODUCT_NAME = "$(TARGET_NAME)";
				SWIFT_EMIT_LOC_STRINGS = YES;
				SWIFT_VERSION = 5.0;
				TARGETED_DEVICE_FAMILY = "1,2";
			};
			name = Debug;
		};
		42496696286C694100B92DA9 /* Release */ = {
			isa = XCBuildConfiguration;
			buildSettings = {
				ASSETCATALOG_COMPILER_APPICON_NAME = AppIcon;
				ASSETCATALOG_COMPILER_GLOBAL_ACCENT_COLOR_NAME = AccentColor;
				CODE_SIGN_STYLE = Automatic;
				CURRENT_PROJECT_VERSION = 1;
				DEVELOPMENT_TEAM = 3K72UMSAB9;
				GENERATE_INFOPLIST_FILE = YES;
				INFOPLIST_FILE = ChargerApp/Info.plist;
				INFOPLIST_KEY_NSLocationAlwaysAndWhenInUseUsageDescription = "we will access your location all time";
				INFOPLIST_KEY_NSLocationAlwaysUsageDescription = "we need your location";
				INFOPLIST_KEY_NSLocationWhenInUseUsageDescription = "we will access your location when in use";
				INFOPLIST_KEY_UIApplicationSupportsIndirectInputEvents = YES;
				INFOPLIST_KEY_UILaunchStoryboardName = LaunchScreen;
				INFOPLIST_KEY_UIMainStoryboardFile = Main;
				INFOPLIST_KEY_UIStatusBarHidden = NO;
				INFOPLIST_KEY_UISupportedInterfaceOrientations_iPad = "UIInterfaceOrientationPortrait UIInterfaceOrientationPortraitUpsideDown UIInterfaceOrientationLandscapeLeft UIInterfaceOrientationLandscapeRight";
				INFOPLIST_KEY_UISupportedInterfaceOrientations_iPhone = "UIInterfaceOrientationPortrait UIInterfaceOrientationLandscapeLeft UIInterfaceOrientationLandscapeRight";
				LD_RUNPATH_SEARCH_PATHS = (
					"$(inherited)",
					"@executable_path/Frameworks",
				);
				MARKETING_VERSION = 1.0;
				PRODUCT_BUNDLE_IDENTIFIER = aleynamandaci.com.ChargerApp;
				PRODUCT_NAME = "$(TARGET_NAME)";
				SWIFT_EMIT_LOC_STRINGS = YES;
				SWIFT_VERSION = 5.0;
				TARGETED_DEVICE_FAMILY = "1,2";
			};
			name = Release;
		};
		42496698286C694100B92DA9 /* Debug */ = {
			isa = XCBuildConfiguration;
			buildSettings = {
				ALWAYS_EMBED_SWIFT_STANDARD_LIBRARIES = YES;
				BUNDLE_LOADER = "$(TEST_HOST)";
				CODE_SIGN_STYLE = Automatic;
				CURRENT_PROJECT_VERSION = 1;
				DEVELOPMENT_TEAM = 3K72UMSAB9;
				GENERATE_INFOPLIST_FILE = YES;
				IPHONEOS_DEPLOYMENT_TARGET = 15.5;
				MARKETING_VERSION = 1.0;
				PRODUCT_BUNDLE_IDENTIFIER = aleynamandaci.com.ChargerAppTests;
				PRODUCT_NAME = "$(TARGET_NAME)";
				SWIFT_EMIT_LOC_STRINGS = NO;
				SWIFT_VERSION = 5.0;
				TARGETED_DEVICE_FAMILY = "1,2";
				TEST_HOST = "$(BUILT_PRODUCTS_DIR)/ChargerApp.app/ChargerApp";
			};
			name = Debug;
		};
		42496699286C694100B92DA9 /* Release */ = {
			isa = XCBuildConfiguration;
			buildSettings = {
				ALWAYS_EMBED_SWIFT_STANDARD_LIBRARIES = YES;
				BUNDLE_LOADER = "$(TEST_HOST)";
				CODE_SIGN_STYLE = Automatic;
				CURRENT_PROJECT_VERSION = 1;
				DEVELOPMENT_TEAM = 3K72UMSAB9;
				GENERATE_INFOPLIST_FILE = YES;
				IPHONEOS_DEPLOYMENT_TARGET = 15.5;
				MARKETING_VERSION = 1.0;
				PRODUCT_BUNDLE_IDENTIFIER = aleynamandaci.com.ChargerAppTests;
				PRODUCT_NAME = "$(TARGET_NAME)";
				SWIFT_EMIT_LOC_STRINGS = NO;
				SWIFT_VERSION = 5.0;
				TARGETED_DEVICE_FAMILY = "1,2";
				TEST_HOST = "$(BUILT_PRODUCTS_DIR)/ChargerApp.app/ChargerApp";
			};
			name = Release;
		};
		4249669B286C694100B92DA9 /* Debug */ = {
			isa = XCBuildConfiguration;
			buildSettings = {
				ALWAYS_EMBED_SWIFT_STANDARD_LIBRARIES = YES;
				CODE_SIGN_STYLE = Automatic;
				CURRENT_PROJECT_VERSION = 1;
				DEVELOPMENT_TEAM = 3K72UMSAB9;
				GENERATE_INFOPLIST_FILE = YES;
				MARKETING_VERSION = 1.0;
				PRODUCT_BUNDLE_IDENTIFIER = aleynamandaci.com.ChargerAppUITests;
				PRODUCT_NAME = "$(TARGET_NAME)";
				SWIFT_EMIT_LOC_STRINGS = NO;
				SWIFT_VERSION = 5.0;
				TARGETED_DEVICE_FAMILY = "1,2";
				TEST_TARGET_NAME = ChargerApp;
			};
			name = Debug;
		};
		4249669C286C694100B92DA9 /* Release */ = {
			isa = XCBuildConfiguration;
			buildSettings = {
				ALWAYS_EMBED_SWIFT_STANDARD_LIBRARIES = YES;
				CODE_SIGN_STYLE = Automatic;
				CURRENT_PROJECT_VERSION = 1;
				DEVELOPMENT_TEAM = 3K72UMSAB9;
				GENERATE_INFOPLIST_FILE = YES;
				MARKETING_VERSION = 1.0;
				PRODUCT_BUNDLE_IDENTIFIER = aleynamandaci.com.ChargerAppUITests;
				PRODUCT_NAME = "$(TARGET_NAME)";
				SWIFT_EMIT_LOC_STRINGS = NO;
				SWIFT_VERSION = 5.0;
				TARGETED_DEVICE_FAMILY = "1,2";
				TEST_TARGET_NAME = ChargerApp;
			};
			name = Release;
		};
/* End XCBuildConfiguration section */

/* Begin XCConfigurationList section */
		42496662286C693E00B92DA9 /* Build configuration list for PBXProject "ChargerApp" */ = {
			isa = XCConfigurationList;
			buildConfigurations = (
				42496692286C694100B92DA9 /* Debug */,
				42496693286C694100B92DA9 /* Release */,
			);
			defaultConfigurationIsVisible = 0;
			defaultConfigurationName = Release;
		};
		42496694286C694100B92DA9 /* Build configuration list for PBXNativeTarget "ChargerApp" */ = {
			isa = XCConfigurationList;
			buildConfigurations = (
				42496695286C694100B92DA9 /* Debug */,
				42496696286C694100B92DA9 /* Release */,
			);
			defaultConfigurationIsVisible = 0;
			defaultConfigurationName = Release;
		};
		42496697286C694100B92DA9 /* Build configuration list for PBXNativeTarget "ChargerAppTests" */ = {
			isa = XCConfigurationList;
			buildConfigurations = (
				42496698286C694100B92DA9 /* Debug */,
				42496699286C694100B92DA9 /* Release */,
			);
			defaultConfigurationIsVisible = 0;
			defaultConfigurationName = Release;
		};
		4249669A286C694100B92DA9 /* Build configuration list for PBXNativeTarget "ChargerAppUITests" */ = {
			isa = XCConfigurationList;
			buildConfigurations = (
				4249669B286C694100B92DA9 /* Debug */,
				4249669C286C694100B92DA9 /* Release */,
			);
			defaultConfigurationIsVisible = 0;
			defaultConfigurationName = Release;
		};
/* End XCConfigurationList section */

/* Begin XCVersionGroup section */
		42496673286C693E00B92DA9 /* ChargerApp.xcdatamodeld */ = {
			isa = XCVersionGroup;
			children = (
				42496674286C693E00B92DA9 /* ChargerApp.xcdatamodel */,
			);
			currentVersion = 42496674286C693E00B92DA9 /* ChargerApp.xcdatamodel */;
			path = ChargerApp.xcdatamodeld;
			sourceTree = "<group>";
			versionGroupType = wrapper.xcdatamodel;
		};
/* End XCVersionGroup section */
	};
	rootObject = 4249665F286C693E00B92DA9 /* Project object */;
}
